// !$*UTF8*$!
{
	archiveVersion = 1;
	classes = {
	};
	objectVersion = 48;
	objects = {

/* Begin PBXBuildFile section */
		0E493A9920BBEB020095F33C /* MetaalViewController.swift in Sources */ = {isa = PBXBuildFile; fileRef = 0E493A9820BBEB020095F33C /* MetaalViewController.swift */; };
		0E493A9B20BC22A80095F33C /* MachinesTableViewController.swift in Sources */ = {isa = PBXBuildFile; fileRef = 0E493A9A20BC22A80095F33C /* MachinesTableViewController.swift */; };
		0E6F6FE920BED41100E4228A /* InstructieViewController.swift in Sources */ = {isa = PBXBuildFile; fileRef = 0E6F6FE820BED41100E4228A /* InstructieViewController.swift */; };
		0E736BC420B4559700C9CC2A /* AppDelegate.swift in Sources */ = {isa = PBXBuildFile; fileRef = 0E736BC320B4559700C9CC2A /* AppDelegate.swift */; };
		0E736BC620B4559700C9CC2A /* ViewController.swift in Sources */ = {isa = PBXBuildFile; fileRef = 0E736BC520B4559700C9CC2A /* ViewController.swift */; };
		0E736BC920B4559700C9CC2A /* Main.storyboard in Resources */ = {isa = PBXBuildFile; fileRef = 0E736BC720B4559700C9CC2A /* Main.storyboard */; };
		0E736BCB20B4559700C9CC2A /* Assets.xcassets in Resources */ = {isa = PBXBuildFile; fileRef = 0E736BCA20B4559700C9CC2A /* Assets.xcassets */; };
		0E736BCE20B4559700C9CC2A /* LaunchScreen.storyboard in Resources */ = {isa = PBXBuildFile; fileRef = 0E736BCC20B4559700C9CC2A /* LaunchScreen.storyboard */; };
		0E736BD920B4559700C9CC2A /* LaFonderieTests.swift in Sources */ = {isa = PBXBuildFile; fileRef = 0E736BD820B4559700C9CC2A /* LaFonderieTests.swift */; };
		0E736BE420B4559700C9CC2A /* LaFonderieUITests.swift in Sources */ = {isa = PBXBuildFile; fileRef = 0E736BE320B4559700C9CC2A /* LaFonderieUITests.swift */; };
		0E736BF220B4563400C9CC2A /* GoogleService-Info.plist in Resources */ = {isa = PBXBuildFile; fileRef = 0E736BF120B4563400C9CC2A /* GoogleService-Info.plist */; };
		0E736BF320B45D9000C9CC2A /* FirebaseCore.framework in Frameworks */ = {isa = PBXBuildFile; fileRef = 0E736BF420B45D9000C9CC2A /* FirebaseCore.framework */; };
		0E7EF05520B81258009D5689 /* MainViewController.swift in Sources */ = {isa = PBXBuildFile; fileRef = 0E7EF05420B81258009D5689 /* MainViewController.swift */; };
		0E7EF05D20B833A1009D5689 /* TextielViewController.swift in Sources */ = {isa = PBXBuildFile; fileRef = 0E7EF05C20B833A1009D5689 /* TextielViewController.swift */; };
		0E7EF05F20B84D34009D5689 /* VoedingViewController.swift in Sources */ = {isa = PBXBuildFile; fileRef = 0E7EF05E20B84D34009D5689 /* VoedingViewController.swift */; };
		0E8660C020B69F7900A053A8 /* XMCircleGestureRecognizer.swift in Sources */ = {isa = PBXBuildFile; fileRef = 0E8660BF20B69F7800A053A8 /* XMCircleGestureRecognizer.swift */; };
		0E8660C220B6AFFE00A053A8 /* MachinesViewController.swift in Sources */ = {isa = PBXBuildFile; fileRef = 0E8660C120B6AFFE00A053A8 /* MachinesViewController.swift */; };
		0E8660C520B6B99800A053A8 /* CaviarDreams_Bold.ttf in Resources */ = {isa = PBXBuildFile; fileRef = 0E8660C420B6B99800A053A8 /* CaviarDreams_Bold.ttf */; };
		0E8660C720B6BBED00A053A8 /* KohinoorBangla.ttc in Resources */ = {isa = PBXBuildFile; fileRef = 0E8660C620B6BBED00A053A8 /* KohinoorBangla.ttc */; };
		0E8660C920B6F3F600A053A8 /* detailMachineViewController.swift in Sources */ = {isa = PBXBuildFile; fileRef = 0E8660C820B6F3F600A053A8 /* detailMachineViewController.swift */; };
		0E998DB320BECB5E006AD86E /* PopUpViewController.swift in Sources */ = {isa = PBXBuildFile; fileRef = 0E998DB220BECB5E006AD86E /* PopUpViewController.swift */; };
		0EDDCA3A20B56CC000E3860E /* animations.swift in Sources */ = {isa = PBXBuildFile; fileRef = 0EDDCA3920B56CC000E3860E /* animations.swift */; };
		0EDDCA9D20B593C300E3860E /* AnimationContext.swift in Sources */ = {isa = PBXBuildFile; fileRef = 0EDDCA7E20B593C300E3860E /* AnimationContext.swift */; };
		0EDDCA9E20B593C300E3860E /* AnimationSequence.swift in Sources */ = {isa = PBXBuildFile; fileRef = 0EDDCA7F20B593C300E3860E /* AnimationSequence.swift */; };
		0EDDCA9F20B593C300E3860E /* AnimationStep.swift in Sources */ = {isa = PBXBuildFile; fileRef = 0EDDCA8020B593C300E3860E /* AnimationStep.swift */; };
		0EDDCAA020B593C300E3860E /* AnimationType.swift in Sources */ = {isa = PBXBuildFile; fileRef = 0EDDCA8120B593C300E3860E /* AnimationType.swift */; };
		0EDDCAA120B593C300E3860E /* AnimatorCoordinator.swift in Sources */ = {isa = PBXBuildFile; fileRef = 0EDDCA8220B593C300E3860E /* AnimatorCoordinator.swift */; };
		0EDDCAA220B593C300E3860E /* AttachmentConfigurable.swift in Sources */ = {isa = PBXBuildFile; fileRef = 0EDDCA8320B593C300E3860E /* AttachmentConfigurable.swift */; };
		0EDDCAA320B593C300E3860E /* BasicChainable.swift in Sources */ = {isa = PBXBuildFile; fileRef = 0EDDCA8420B593C300E3860E /* BasicChainable.swift */; };
		0EDDCAA420B593C300E3860E /* BasicConfigurable.swift in Sources */ = {isa = PBXBuildFile; fileRef = 0EDDCA8520B593C300E3860E /* BasicConfigurable.swift */; };
		0EDDCAA520B593C300E3860E /* CALayer+AnimateBehavior.swift in Sources */ = {isa = PBXBuildFile; fileRef = 0EDDCA8620B593C300E3860E /* CALayer+AnimateBehavior.swift */; };
		0EDDCAA620B593C300E3860E /* CALayer+DriveAnimationBehaviors.swift in Sources */ = {isa = PBXBuildFile; fileRef = 0EDDCA8720B593C300E3860E /* CALayer+DriveAnimationBehaviors.swift */; };
		0EDDCAA720B593C300E3860E /* CALayer+Stellar.swift in Sources */ = {isa = PBXBuildFile; fileRef = 0EDDCA8820B593C300E3860E /* CALayer+Stellar.swift */; };
		0EDDCAA820B593C300E3860E /* Chainable.swift in Sources */ = {isa = PBXBuildFile; fileRef = 0EDDCA8920B593C300E3860E /* Chainable.swift */; };
		0EDDCAA920B593C300E3860E /* DriveAnimateBehaviors.swift in Sources */ = {isa = PBXBuildFile; fileRef = 0EDDCA8A20B593C300E3860E /* DriveAnimateBehaviors.swift */; };
		0EDDCAAA20B593C300E3860E /* DynamicItem+Behavior.swift in Sources */ = {isa = PBXBuildFile; fileRef = 0EDDCA8B20B593C300E3860E /* DynamicItem+Behavior.swift */; };
		0EDDCAAB20B593C300E3860E /* DynamicItem.swift in Sources */ = {isa = PBXBuildFile; fileRef = 0EDDCA8C20B593C300E3860E /* DynamicItem.swift */; };
		0EDDCAAC20B593C300E3860E /* DynamicItemBasic.swift in Sources */ = {isa = PBXBuildFile; fileRef = 0EDDCA8D20B593C300E3860E /* DynamicItemBasic.swift */; };
		0EDDCAAD20B593C300E3860E /* DynamicItemGravity.swift in Sources */ = {isa = PBXBuildFile; fileRef = 0EDDCA8E20B593C300E3860E /* DynamicItemGravity.swift */; };
		0EDDCAAE20B593C300E3860E /* GravityConfigurable.swift in Sources */ = {isa = PBXBuildFile; fileRef = 0EDDCA8F20B593C300E3860E /* GravityConfigurable.swift */; };
		0EDDCAAF20B593C300E3860E /* Interpolatable.swift in Sources */ = {isa = PBXBuildFile; fileRef = 0EDDCA9020B593C300E3860E /* Interpolatable.swift */; };
		0EDDCAB020B593C300E3860E /* Physical.swift in Sources */ = {isa = PBXBuildFile; fileRef = 0EDDCA9120B593C300E3860E /* Physical.swift */; };
		0EDDCAB120B593C300E3860E /* SnapConfigurable.swift in Sources */ = {isa = PBXBuildFile; fileRef = 0EDDCA9220B593C300E3860E /* SnapConfigurable.swift */; };
		0EDDCAB220B593C300E3860E /* StepControllable.swift in Sources */ = {isa = PBXBuildFile; fileRef = 0EDDCA9320B593C300E3860E /* StepControllable.swift */; };
		0EDDCAB320B593C300E3860E /* TimingFunction.swift in Sources */ = {isa = PBXBuildFile; fileRef = 0EDDCA9420B593C300E3860E /* TimingFunction.swift */; };
		0EDDCAB420B593C300E3860E /* TimingSolvable.swift in Sources */ = {isa = PBXBuildFile; fileRef = 0EDDCA9520B593C300E3860E /* TimingSolvable.swift */; };
		0EDDCAB520B593C300E3860E /* TimingType.swift in Sources */ = {isa = PBXBuildFile; fileRef = 0EDDCA9620B593C300E3860E /* TimingType.swift */; };
		0EDDCAB620B593C300E3860E /* UIDynamicBehavior+Commit.swift in Sources */ = {isa = PBXBuildFile; fileRef = 0EDDCA9720B593C300E3860E /* UIDynamicBehavior+Commit.swift */; };
		0EDDCAB720B593C300E3860E /* UIView+AnimateBehavior.swift in Sources */ = {isa = PBXBuildFile; fileRef = 0EDDCA9820B593C300E3860E /* UIView+AnimateBehavior.swift */; };
		0EDDCAB820B593C300E3860E /* UIView+Stellar.swift in Sources */ = {isa = PBXBuildFile; fileRef = 0EDDCA9920B593C300E3860E /* UIView+Stellar.swift */; };
		0EDDCAB920B593C300E3860E /* UnitBezier.swift in Sources */ = {isa = PBXBuildFile; fileRef = 0EDDCA9A20B593C300E3860E /* UnitBezier.swift */; };
		0EDDCABA20B593C300E3860E /* Value+Physical.swift in Sources */ = {isa = PBXBuildFile; fileRef = 0EDDCA9B20B593C300E3860E /* Value+Physical.swift */; };
		0EDDCABB20B593C300E3860E /* Vectorial.swift in Sources */ = {isa = PBXBuildFile; fileRef = 0EDDCA9C20B593C300E3860E /* Vectorial.swift */; };
		4CCFAFB78CE34B623360F9BB /* Pods_LaFonderie.framework in Frameworks */ = {isa = PBXBuildFile; fileRef = FAB68C86F9DA0F960A96D998 /* Pods_LaFonderie.framework */; };
		634E79A403A3AE157319B6D8 /* Pods_LaFonderieUITests.framework in Frameworks */ = {isa = PBXBuildFile; fileRef = 2E5E21A46AEB521238115402 /* Pods_LaFonderieUITests.framework */; };
		C3BF0F7A03E7177217C5A850 /* Pods_LaFonderieTests.framework in Frameworks */ = {isa = PBXBuildFile; fileRef = D207C925663669F76980BC57 /* Pods_LaFonderieTests.framework */; };
/* End PBXBuildFile section */

/* Begin PBXContainerItemProxy section */
		0E736BD520B4559700C9CC2A /* PBXContainerItemProxy */ = {
			isa = PBXContainerItemProxy;
			containerPortal = 0E736BB820B4559700C9CC2A /* Project object */;
			proxyType = 1;
			remoteGlobalIDString = 0E736BBF20B4559700C9CC2A;
			remoteInfo = LaFonderie;
		};
		0E736BE020B4559700C9CC2A /* PBXContainerItemProxy */ = {
			isa = PBXContainerItemProxy;
			containerPortal = 0E736BB820B4559700C9CC2A /* Project object */;
			proxyType = 1;
			remoteGlobalIDString = 0E736BBF20B4559700C9CC2A;
			remoteInfo = LaFonderie;
		};
/* End PBXContainerItemProxy section */

/* Begin PBXFileReference section */
		0E493A9820BBEB020095F33C /* MetaalViewController.swift */ = {isa = PBXFileReference; lastKnownFileType = sourcecode.swift; path = MetaalViewController.swift; sourceTree = "<group>"; };
		0E493A9A20BC22A80095F33C /* MachinesTableViewController.swift */ = {isa = PBXFileReference; lastKnownFileType = sourcecode.swift; path = MachinesTableViewController.swift; sourceTree = "<group>"; };
		0E6F6FE820BED41100E4228A /* InstructieViewController.swift */ = {isa = PBXFileReference; lastKnownFileType = sourcecode.swift; path = InstructieViewController.swift; sourceTree = "<group>"; };
		0E736BC020B4559700C9CC2A /* LaFonderie.app */ = {isa = PBXFileReference; explicitFileType = wrapper.application; includeInIndex = 0; path = LaFonderie.app; sourceTree = BUILT_PRODUCTS_DIR; };
		0E736BC320B4559700C9CC2A /* AppDelegate.swift */ = {isa = PBXFileReference; lastKnownFileType = sourcecode.swift; path = AppDelegate.swift; sourceTree = "<group>"; };
		0E736BC520B4559700C9CC2A /* ViewController.swift */ = {isa = PBXFileReference; lastKnownFileType = sourcecode.swift; path = ViewController.swift; sourceTree = "<group>"; };
		0E736BC820B4559700C9CC2A /* Base */ = {isa = PBXFileReference; lastKnownFileType = file.storyboard; name = Base; path = Base.lproj/Main.storyboard; sourceTree = "<group>"; };
		0E736BCA20B4559700C9CC2A /* Assets.xcassets */ = {isa = PBXFileReference; lastKnownFileType = folder.assetcatalog; path = Assets.xcassets; sourceTree = "<group>"; };
		0E736BCD20B4559700C9CC2A /* Base */ = {isa = PBXFileReference; lastKnownFileType = file.storyboard; name = Base; path = Base.lproj/LaunchScreen.storyboard; sourceTree = "<group>"; };
		0E736BCF20B4559700C9CC2A /* Info.plist */ = {isa = PBXFileReference; lastKnownFileType = text.plist.xml; path = Info.plist; sourceTree = "<group>"; };
		0E736BD420B4559700C9CC2A /* LaFonderieTests.xctest */ = {isa = PBXFileReference; explicitFileType = wrapper.cfbundle; includeInIndex = 0; path = LaFonderieTests.xctest; sourceTree = BUILT_PRODUCTS_DIR; };
		0E736BD820B4559700C9CC2A /* LaFonderieTests.swift */ = {isa = PBXFileReference; lastKnownFileType = sourcecode.swift; path = LaFonderieTests.swift; sourceTree = "<group>"; };
		0E736BDA20B4559700C9CC2A /* Info.plist */ = {isa = PBXFileReference; lastKnownFileType = text.plist.xml; path = Info.plist; sourceTree = "<group>"; };
		0E736BDF20B4559700C9CC2A /* LaFonderieUITests.xctest */ = {isa = PBXFileReference; explicitFileType = wrapper.cfbundle; includeInIndex = 0; path = LaFonderieUITests.xctest; sourceTree = BUILT_PRODUCTS_DIR; };
		0E736BE320B4559700C9CC2A /* LaFonderieUITests.swift */ = {isa = PBXFileReference; lastKnownFileType = sourcecode.swift; path = LaFonderieUITests.swift; sourceTree = "<group>"; };
		0E736BE520B4559700C9CC2A /* Info.plist */ = {isa = PBXFileReference; lastKnownFileType = text.plist.xml; path = Info.plist; sourceTree = "<group>"; };
		0E736BF120B4563400C9CC2A /* GoogleService-Info.plist */ = {isa = PBXFileReference; fileEncoding = 4; lastKnownFileType = text.plist.xml; path = "GoogleService-Info.plist"; sourceTree = "<group>"; };
		0E736BF420B45D9000C9CC2A /* FirebaseCore.framework */ = {isa = PBXFileReference; explicitFileType = wrapper.framework; path = FirebaseCore.framework; sourceTree = BUILT_PRODUCTS_DIR; };
		0E7EF05420B81258009D5689 /* MainViewController.swift */ = {isa = PBXFileReference; lastKnownFileType = sourcecode.swift; path = MainViewController.swift; sourceTree = "<group>"; };
		0E7EF05C20B833A1009D5689 /* TextielViewController.swift */ = {isa = PBXFileReference; lastKnownFileType = sourcecode.swift; path = TextielViewController.swift; sourceTree = "<group>"; };
		0E7EF05E20B84D34009D5689 /* VoedingViewController.swift */ = {isa = PBXFileReference; lastKnownFileType = sourcecode.swift; path = VoedingViewController.swift; sourceTree = "<group>"; };
		0E8660BF20B69F7800A053A8 /* XMCircleGestureRecognizer.swift */ = {isa = PBXFileReference; fileEncoding = 4; lastKnownFileType = sourcecode.swift; path = XMCircleGestureRecognizer.swift; sourceTree = "<group>"; };
		0E8660C120B6AFFE00A053A8 /* MachinesViewController.swift */ = {isa = PBXFileReference; lastKnownFileType = sourcecode.swift; name = MachinesViewController.swift; path = LaFonderie/viewcontrollers/MachinesViewController.swift; sourceTree = SOURCE_ROOT; };
		0E8660C420B6B99800A053A8 /* CaviarDreams_Bold.ttf */ = {isa = PBXFileReference; lastKnownFileType = file; path = CaviarDreams_Bold.ttf; sourceTree = "<group>"; };
		0E8660C620B6BBED00A053A8 /* KohinoorBangla.ttc */ = {isa = PBXFileReference; lastKnownFileType = file; path = KohinoorBangla.ttc; sourceTree = "<group>"; };
		0E8660C820B6F3F600A053A8 /* detailMachineViewController.swift */ = {isa = PBXFileReference; fileEncoding = 4; lastKnownFileType = sourcecode.swift; path = detailMachineViewController.swift; sourceTree = "<group>"; };
		0E998DB220BECB5E006AD86E /* PopUpViewController.swift */ = {isa = PBXFileReference; lastKnownFileType = sourcecode.swift; path = PopUpViewController.swift; sourceTree = "<group>"; };
		0EDDCA3920B56CC000E3860E /* animations.swift */ = {isa = PBXFileReference; lastKnownFileType = sourcecode.swift; path = animations.swift; sourceTree = "<group>"; };
		0EDDCA7E20B593C300E3860E /* AnimationContext.swift */ = {isa = PBXFileReference; fileEncoding = 4; lastKnownFileType = sourcecode.swift; path = AnimationContext.swift; sourceTree = "<group>"; };
		0EDDCA7F20B593C300E3860E /* AnimationSequence.swift */ = {isa = PBXFileReference; fileEncoding = 4; lastKnownFileType = sourcecode.swift; path = AnimationSequence.swift; sourceTree = "<group>"; };
		0EDDCA8020B593C300E3860E /* AnimationStep.swift */ = {isa = PBXFileReference; fileEncoding = 4; lastKnownFileType = sourcecode.swift; path = AnimationStep.swift; sourceTree = "<group>"; };
		0EDDCA8120B593C300E3860E /* AnimationType.swift */ = {isa = PBXFileReference; fileEncoding = 4; lastKnownFileType = sourcecode.swift; path = AnimationType.swift; sourceTree = "<group>"; };
		0EDDCA8220B593C300E3860E /* AnimatorCoordinator.swift */ = {isa = PBXFileReference; fileEncoding = 4; lastKnownFileType = sourcecode.swift; path = AnimatorCoordinator.swift; sourceTree = "<group>"; };
		0EDDCA8320B593C300E3860E /* AttachmentConfigurable.swift */ = {isa = PBXFileReference; fileEncoding = 4; lastKnownFileType = sourcecode.swift; path = AttachmentConfigurable.swift; sourceTree = "<group>"; };
		0EDDCA8420B593C300E3860E /* BasicChainable.swift */ = {isa = PBXFileReference; fileEncoding = 4; lastKnownFileType = sourcecode.swift; path = BasicChainable.swift; sourceTree = "<group>"; };
		0EDDCA8520B593C300E3860E /* BasicConfigurable.swift */ = {isa = PBXFileReference; fileEncoding = 4; lastKnownFileType = sourcecode.swift; path = BasicConfigurable.swift; sourceTree = "<group>"; };
		0EDDCA8620B593C300E3860E /* CALayer+AnimateBehavior.swift */ = {isa = PBXFileReference; fileEncoding = 4; lastKnownFileType = sourcecode.swift; path = "CALayer+AnimateBehavior.swift"; sourceTree = "<group>"; };
		0EDDCA8720B593C300E3860E /* CALayer+DriveAnimationBehaviors.swift */ = {isa = PBXFileReference; fileEncoding = 4; lastKnownFileType = sourcecode.swift; path = "CALayer+DriveAnimationBehaviors.swift"; sourceTree = "<group>"; };
		0EDDCA8820B593C300E3860E /* CALayer+Stellar.swift */ = {isa = PBXFileReference; fileEncoding = 4; lastKnownFileType = sourcecode.swift; path = "CALayer+Stellar.swift"; sourceTree = "<group>"; };
		0EDDCA8920B593C300E3860E /* Chainable.swift */ = {isa = PBXFileReference; fileEncoding = 4; lastKnownFileType = sourcecode.swift; path = Chainable.swift; sourceTree = "<group>"; };
		0EDDCA8A20B593C300E3860E /* DriveAnimateBehaviors.swift */ = {isa = PBXFileReference; fileEncoding = 4; lastKnownFileType = sourcecode.swift; path = DriveAnimateBehaviors.swift; sourceTree = "<group>"; };
		0EDDCA8B20B593C300E3860E /* DynamicItem+Behavior.swift */ = {isa = PBXFileReference; fileEncoding = 4; lastKnownFileType = sourcecode.swift; path = "DynamicItem+Behavior.swift"; sourceTree = "<group>"; };
		0EDDCA8C20B593C300E3860E /* DynamicItem.swift */ = {isa = PBXFileReference; fileEncoding = 4; lastKnownFileType = sourcecode.swift; path = DynamicItem.swift; sourceTree = "<group>"; };
		0EDDCA8D20B593C300E3860E /* DynamicItemBasic.swift */ = {isa = PBXFileReference; fileEncoding = 4; lastKnownFileType = sourcecode.swift; path = DynamicItemBasic.swift; sourceTree = "<group>"; };
		0EDDCA8E20B593C300E3860E /* DynamicItemGravity.swift */ = {isa = PBXFileReference; fileEncoding = 4; lastKnownFileType = sourcecode.swift; path = DynamicItemGravity.swift; sourceTree = "<group>"; };
		0EDDCA8F20B593C300E3860E /* GravityConfigurable.swift */ = {isa = PBXFileReference; fileEncoding = 4; lastKnownFileType = sourcecode.swift; path = GravityConfigurable.swift; sourceTree = "<group>"; };
		0EDDCA9020B593C300E3860E /* Interpolatable.swift */ = {isa = PBXFileReference; fileEncoding = 4; lastKnownFileType = sourcecode.swift; path = Interpolatable.swift; sourceTree = "<group>"; };
		0EDDCA9120B593C300E3860E /* Physical.swift */ = {isa = PBXFileReference; fileEncoding = 4; lastKnownFileType = sourcecode.swift; path = Physical.swift; sourceTree = "<group>"; };
		0EDDCA9220B593C300E3860E /* SnapConfigurable.swift */ = {isa = PBXFileReference; fileEncoding = 4; lastKnownFileType = sourcecode.swift; path = SnapConfigurable.swift; sourceTree = "<group>"; };
		0EDDCA9320B593C300E3860E /* StepControllable.swift */ = {isa = PBXFileReference; fileEncoding = 4; lastKnownFileType = sourcecode.swift; path = StepControllable.swift; sourceTree = "<group>"; };
		0EDDCA9420B593C300E3860E /* TimingFunction.swift */ = {isa = PBXFileReference; fileEncoding = 4; lastKnownFileType = sourcecode.swift; path = TimingFunction.swift; sourceTree = "<group>"; };
		0EDDCA9520B593C300E3860E /* TimingSolvable.swift */ = {isa = PBXFileReference; fileEncoding = 4; lastKnownFileType = sourcecode.swift; path = TimingSolvable.swift; sourceTree = "<group>"; };
		0EDDCA9620B593C300E3860E /* TimingType.swift */ = {isa = PBXFileReference; fileEncoding = 4; lastKnownFileType = sourcecode.swift; path = TimingType.swift; sourceTree = "<group>"; };
		0EDDCA9720B593C300E3860E /* UIDynamicBehavior+Commit.swift */ = {isa = PBXFileReference; fileEncoding = 4; lastKnownFileType = sourcecode.swift; path = "UIDynamicBehavior+Commit.swift"; sourceTree = "<group>"; };
		0EDDCA9820B593C300E3860E /* UIView+AnimateBehavior.swift */ = {isa = PBXFileReference; fileEncoding = 4; lastKnownFileType = sourcecode.swift; path = "UIView+AnimateBehavior.swift"; sourceTree = "<group>"; };
		0EDDCA9920B593C300E3860E /* UIView+Stellar.swift */ = {isa = PBXFileReference; fileEncoding = 4; lastKnownFileType = sourcecode.swift; path = "UIView+Stellar.swift"; sourceTree = "<group>"; };
		0EDDCA9A20B593C300E3860E /* UnitBezier.swift */ = {isa = PBXFileReference; fileEncoding = 4; lastKnownFileType = sourcecode.swift; path = UnitBezier.swift; sourceTree = "<group>"; };
		0EDDCA9B20B593C300E3860E /* Value+Physical.swift */ = {isa = PBXFileReference; fileEncoding = 4; lastKnownFileType = sourcecode.swift; path = "Value+Physical.swift"; sourceTree = "<group>"; };
		0EDDCA9C20B593C300E3860E /* Vectorial.swift */ = {isa = PBXFileReference; fileEncoding = 4; lastKnownFileType = sourcecode.swift; path = Vectorial.swift; sourceTree = "<group>"; };
		2E5E21A46AEB521238115402 /* Pods_LaFonderieUITests.framework */ = {isa = PBXFileReference; explicitFileType = wrapper.framework; includeInIndex = 0; path = Pods_LaFonderieUITests.framework; sourceTree = BUILT_PRODUCTS_DIR; };
		35B0A1C4989F3956662B8D12 /* Pods-LaFonderieTests.release.xcconfig */ = {isa = PBXFileReference; includeInIndex = 1; lastKnownFileType = text.xcconfig; name = "Pods-LaFonderieTests.release.xcconfig"; path = "Pods/Target Support Files/Pods-LaFonderieTests/Pods-LaFonderieTests.release.xcconfig"; sourceTree = "<group>"; };
		6FA847B105401C2BD6915439 /* Pods-LaFonderieTests.debug.xcconfig */ = {isa = PBXFileReference; includeInIndex = 1; lastKnownFileType = text.xcconfig; name = "Pods-LaFonderieTests.debug.xcconfig"; path = "Pods/Target Support Files/Pods-LaFonderieTests/Pods-LaFonderieTests.debug.xcconfig"; sourceTree = "<group>"; };
		78CAD1724793AC6A94A3703B /* Pods-LaFonderieUITests.debug.xcconfig */ = {isa = PBXFileReference; includeInIndex = 1; lastKnownFileType = text.xcconfig; name = "Pods-LaFonderieUITests.debug.xcconfig"; path = "Pods/Target Support Files/Pods-LaFonderieUITests/Pods-LaFonderieUITests.debug.xcconfig"; sourceTree = "<group>"; };
		98EEEA711D1B98F875A7BE79 /* Pods-LaFonderie.debug.xcconfig */ = {isa = PBXFileReference; includeInIndex = 1; lastKnownFileType = text.xcconfig; name = "Pods-LaFonderie.debug.xcconfig"; path = "Pods/Target Support Files/Pods-LaFonderie/Pods-LaFonderie.debug.xcconfig"; sourceTree = "<group>"; };
		9C2718EAF169947ACA15097C /* Pods-LaFonderie.release.xcconfig */ = {isa = PBXFileReference; includeInIndex = 1; lastKnownFileType = text.xcconfig; name = "Pods-LaFonderie.release.xcconfig"; path = "Pods/Target Support Files/Pods-LaFonderie/Pods-LaFonderie.release.xcconfig"; sourceTree = "<group>"; };
		BDAC7BE770D1D38C28E48C8F /* Pods-LaFonderieUITests.release.xcconfig */ = {isa = PBXFileReference; includeInIndex = 1; lastKnownFileType = text.xcconfig; name = "Pods-LaFonderieUITests.release.xcconfig"; path = "Pods/Target Support Files/Pods-LaFonderieUITests/Pods-LaFonderieUITests.release.xcconfig"; sourceTree = "<group>"; };
		D207C925663669F76980BC57 /* Pods_LaFonderieTests.framework */ = {isa = PBXFileReference; explicitFileType = wrapper.framework; includeInIndex = 0; path = Pods_LaFonderieTests.framework; sourceTree = BUILT_PRODUCTS_DIR; };
		FAB68C86F9DA0F960A96D998 /* Pods_LaFonderie.framework */ = {isa = PBXFileReference; explicitFileType = wrapper.framework; includeInIndex = 0; path = Pods_LaFonderie.framework; sourceTree = BUILT_PRODUCTS_DIR; };
/* End PBXFileReference section */

/* Begin PBXFrameworksBuildPhase section */
		0E736BBD20B4559700C9CC2A /* Frameworks */ = {
			isa = PBXFrameworksBuildPhase;
			buildActionMask = 2147483647;
			files = (
				0E736BF320B45D9000C9CC2A /* FirebaseCore.framework in Frameworks */,
				4CCFAFB78CE34B623360F9BB /* Pods_LaFonderie.framework in Frameworks */,
			);
			runOnlyForDeploymentPostprocessing = 0;
		};
		0E736BD120B4559700C9CC2A /* Frameworks */ = {
			isa = PBXFrameworksBuildPhase;
			buildActionMask = 2147483647;
			files = (
				C3BF0F7A03E7177217C5A850 /* Pods_LaFonderieTests.framework in Frameworks */,
			);
			runOnlyForDeploymentPostprocessing = 0;
		};
		0E736BDC20B4559700C9CC2A /* Frameworks */ = {
			isa = PBXFrameworksBuildPhase;
			buildActionMask = 2147483647;
			files = (
				634E79A403A3AE157319B6D8 /* Pods_LaFonderieUITests.framework in Frameworks */,
			);
			runOnlyForDeploymentPostprocessing = 0;
		};
/* End PBXFrameworksBuildPhase section */

/* Begin PBXGroup section */
		0E736BB720B4559700C9CC2A = {
			isa = PBXGroup;
			children = (
				0E736BC220B4559700C9CC2A /* LaFonderie */,
				0E736BD720B4559700C9CC2A /* LaFonderieTests */,
				0E736BE220B4559700C9CC2A /* LaFonderieUITests */,
				0E736BC120B4559700C9CC2A /* Products */,
				7A5B9908528C7FA1DF061417 /* Pods */,
				AA67614AC224B52B383359A9 /* Frameworks */,
			);
			sourceTree = "<group>";
		};
		0E736BC120B4559700C9CC2A /* Products */ = {
			isa = PBXGroup;
			children = (
				0E736BC020B4559700C9CC2A /* LaFonderie.app */,
				0E736BD420B4559700C9CC2A /* LaFonderieTests.xctest */,
				0E736BDF20B4559700C9CC2A /* LaFonderieUITests.xctest */,
			);
			name = Products;
			sourceTree = "<group>";
		};
		0E736BC220B4559700C9CC2A /* LaFonderie */ = {
			isa = PBXGroup;
			children = (
				0E8660C320B6B97200A053A8 /* Fonts */,
				0EDDCA7D20B593C300E3860E /* Sources */,
				0EDDCA3820B56CAC00E3860E /* libraries */,
				0EDDCA3720B56C8F00E3860E /* viewcontrollers */,
				0EDDCA3620B56C7E00E3860E /* storyboards */,
				0EDDCA3520B56C5F00E3860E /* Assets */,
				0E736BF120B4563400C9CC2A /* GoogleService-Info.plist */,
				0E736BC320B4559700C9CC2A /* AppDelegate.swift */,
				0E736BCF20B4559700C9CC2A /* Info.plist */,
			);
			path = LaFonderie;
			sourceTree = "<group>";
		};
		0E736BD720B4559700C9CC2A /* LaFonderieTests */ = {
			isa = PBXGroup;
			children = (
				0E736BD820B4559700C9CC2A /* LaFonderieTests.swift */,
				0E736BDA20B4559700C9CC2A /* Info.plist */,
			);
			path = LaFonderieTests;
			sourceTree = "<group>";
		};
		0E736BE220B4559700C9CC2A /* LaFonderieUITests */ = {
			isa = PBXGroup;
			children = (
				0E736BE320B4559700C9CC2A /* LaFonderieUITests.swift */,
				0E736BE520B4559700C9CC2A /* Info.plist */,
			);
			path = LaFonderieUITests;
			sourceTree = "<group>";
		};
		0E8660C320B6B97200A053A8 /* Fonts */ = {
			isa = PBXGroup;
			children = (
				0E8660C420B6B99800A053A8 /* CaviarDreams_Bold.ttf */,
				0E8660C620B6BBED00A053A8 /* KohinoorBangla.ttc */,
			);
			path = Fonts;
			sourceTree = "<group>";
		};
		0EDDCA3520B56C5F00E3860E /* Assets */ = {
			isa = PBXGroup;
			children = (
				0E736BCA20B4559700C9CC2A /* Assets.xcassets */,
			);
			path = Assets;
			sourceTree = "<group>";
		};
		0EDDCA3620B56C7E00E3860E /* storyboards */ = {
			isa = PBXGroup;
			children = (
				0E736BCC20B4559700C9CC2A /* LaunchScreen.storyboard */,
				0E736BC720B4559700C9CC2A /* Main.storyboard */,
			);
			path = storyboards;
			sourceTree = "<group>";
		};
		0EDDCA3720B56C8F00E3860E /* viewcontrollers */ = {
			isa = PBXGroup;
			children = (
				0E493A9A20BC22A80095F33C /* MachinesTableViewController.swift */,
				0E493A9820BBEB020095F33C /* MetaalViewController.swift */,
				0E7EF05E20B84D34009D5689 /* VoedingViewController.swift */,
				0E8660C820B6F3F600A053A8 /* detailMachineViewController.swift */,
				0E8660C120B6AFFE00A053A8 /* MachinesViewController.swift */,
				0E7EF05420B81258009D5689 /* MainViewController.swift */,
				0E736BC520B4559700C9CC2A /* ViewController.swift */,
				0E7EF05C20B833A1009D5689 /* TextielViewController.swift */,
				0E998DB220BECB5E006AD86E /* PopUpViewController.swift */,
				0E6F6FE820BED41100E4228A /* InstructieViewController.swift */,
			);
			path = viewcontrollers;
			sourceTree = "<group>";
		};
		0EDDCA3820B56CAC00E3860E /* libraries */ = {
			isa = PBXGroup;
			children = (
				0E8660BF20B69F7800A053A8 /* XMCircleGestureRecognizer.swift */,
				0EDDCA3920B56CC000E3860E /* animations.swift */,
			);
			path = libraries;
			sourceTree = "<group>";
		};
		0EDDCA7D20B593C300E3860E /* Sources */ = {
			isa = PBXGroup;
			children = (
				0EDDCA7E20B593C300E3860E /* AnimationContext.swift */,
				0EDDCA7F20B593C300E3860E /* AnimationSequence.swift */,
				0EDDCA8020B593C300E3860E /* AnimationStep.swift */,
				0EDDCA8120B593C300E3860E /* AnimationType.swift */,
				0EDDCA8220B593C300E3860E /* AnimatorCoordinator.swift */,
				0EDDCA8320B593C300E3860E /* AttachmentConfigurable.swift */,
				0EDDCA8420B593C300E3860E /* BasicChainable.swift */,
				0EDDCA8520B593C300E3860E /* BasicConfigurable.swift */,
				0EDDCA8620B593C300E3860E /* CALayer+AnimateBehavior.swift */,
				0EDDCA8720B593C300E3860E /* CALayer+DriveAnimationBehaviors.swift */,
				0EDDCA8820B593C300E3860E /* CALayer+Stellar.swift */,
				0EDDCA8920B593C300E3860E /* Chainable.swift */,
				0EDDCA8A20B593C300E3860E /* DriveAnimateBehaviors.swift */,
				0EDDCA8B20B593C300E3860E /* DynamicItem+Behavior.swift */,
				0EDDCA8C20B593C300E3860E /* DynamicItem.swift */,
				0EDDCA8D20B593C300E3860E /* DynamicItemBasic.swift */,
				0EDDCA8E20B593C300E3860E /* DynamicItemGravity.swift */,
				0EDDCA8F20B593C300E3860E /* GravityConfigurable.swift */,
				0EDDCA9020B593C300E3860E /* Interpolatable.swift */,
				0EDDCA9120B593C300E3860E /* Physical.swift */,
				0EDDCA9220B593C300E3860E /* SnapConfigurable.swift */,
				0EDDCA9320B593C300E3860E /* StepControllable.swift */,
				0EDDCA9420B593C300E3860E /* TimingFunction.swift */,
				0EDDCA9520B593C300E3860E /* TimingSolvable.swift */,
				0EDDCA9620B593C300E3860E /* TimingType.swift */,
				0EDDCA9720B593C300E3860E /* UIDynamicBehavior+Commit.swift */,
				0EDDCA9820B593C300E3860E /* UIView+AnimateBehavior.swift */,
				0EDDCA9920B593C300E3860E /* UIView+Stellar.swift */,
				0EDDCA9A20B593C300E3860E /* UnitBezier.swift */,
				0EDDCA9B20B593C300E3860E /* Value+Physical.swift */,
				0EDDCA9C20B593C300E3860E /* Vectorial.swift */,
			);
			path = Sources;
			sourceTree = "<group>";
		};
		7A5B9908528C7FA1DF061417 /* Pods */ = {
			isa = PBXGroup;
			children = (
				98EEEA711D1B98F875A7BE79 /* Pods-LaFonderie.debug.xcconfig */,
				9C2718EAF169947ACA15097C /* Pods-LaFonderie.release.xcconfig */,
				6FA847B105401C2BD6915439 /* Pods-LaFonderieTests.debug.xcconfig */,
				35B0A1C4989F3956662B8D12 /* Pods-LaFonderieTests.release.xcconfig */,
				78CAD1724793AC6A94A3703B /* Pods-LaFonderieUITests.debug.xcconfig */,
				BDAC7BE770D1D38C28E48C8F /* Pods-LaFonderieUITests.release.xcconfig */,
			);
			name = Pods;
			sourceTree = "<group>";
		};
		AA67614AC224B52B383359A9 /* Frameworks */ = {
			isa = PBXGroup;
			children = (
				0E736BF420B45D9000C9CC2A /* FirebaseCore.framework */,
				FAB68C86F9DA0F960A96D998 /* Pods_LaFonderie.framework */,
				D207C925663669F76980BC57 /* Pods_LaFonderieTests.framework */,
				2E5E21A46AEB521238115402 /* Pods_LaFonderieUITests.framework */,
			);
			name = Frameworks;
			sourceTree = "<group>";
		};
/* End PBXGroup section */

/* Begin PBXNativeTarget section */
		0E736BBF20B4559700C9CC2A /* LaFonderie */ = {
			isa = PBXNativeTarget;
			buildConfigurationList = 0E736BE820B4559700C9CC2A /* Build configuration list for PBXNativeTarget "LaFonderie" */;
			buildPhases = (
				B33B4A55145D2BD6E4DCFD69 /* [CP] Check Pods Manifest.lock */,
				0E736BBC20B4559700C9CC2A /* Sources */,
				0E736BBD20B4559700C9CC2A /* Frameworks */,
				0E736BBE20B4559700C9CC2A /* Resources */,
				E826EDF7685E59A875567F9E /* [CP] Embed Pods Frameworks */,
			);
			buildRules = (
			);
			dependencies = (
			);
			name = LaFonderie;
			productName = LaFonderie;
			productReference = 0E736BC020B4559700C9CC2A /* LaFonderie.app */;
			productType = "com.apple.product-type.application";
		};
		0E736BD320B4559700C9CC2A /* LaFonderieTests */ = {
			isa = PBXNativeTarget;
			buildConfigurationList = 0E736BEB20B4559700C9CC2A /* Build configuration list for PBXNativeTarget "LaFonderieTests" */;
			buildPhases = (
				ECA5ADF4AF2113D771261649 /* [CP] Check Pods Manifest.lock */,
				0E736BD020B4559700C9CC2A /* Sources */,
				0E736BD120B4559700C9CC2A /* Frameworks */,
				0E736BD220B4559700C9CC2A /* Resources */,
			);
			buildRules = (
			);
			dependencies = (
				0E736BD620B4559700C9CC2A /* PBXTargetDependency */,
			);
			name = LaFonderieTests;
			productName = LaFonderieTests;
			productReference = 0E736BD420B4559700C9CC2A /* LaFonderieTests.xctest */;
			productType = "com.apple.product-type.bundle.unit-test";
		};
		0E736BDE20B4559700C9CC2A /* LaFonderieUITests */ = {
			isa = PBXNativeTarget;
			buildConfigurationList = 0E736BEE20B4559700C9CC2A /* Build configuration list for PBXNativeTarget "LaFonderieUITests" */;
			buildPhases = (
				64F62F092B9E869DA31CCC19 /* [CP] Check Pods Manifest.lock */,
				0E736BDB20B4559700C9CC2A /* Sources */,
				0E736BDC20B4559700C9CC2A /* Frameworks */,
				0E736BDD20B4559700C9CC2A /* Resources */,
			);
			buildRules = (
			);
			dependencies = (
				0E736BE120B4559700C9CC2A /* PBXTargetDependency */,
			);
			name = LaFonderieUITests;
			productName = LaFonderieUITests;
			productReference = 0E736BDF20B4559700C9CC2A /* LaFonderieUITests.xctest */;
			productType = "com.apple.product-type.bundle.ui-testing";
		};
/* End PBXNativeTarget section */

/* Begin PBXProject section */
		0E736BB820B4559700C9CC2A /* Project object */ = {
			isa = PBXProject;
			attributes = {
				LastSwiftUpdateCheck = 0920;
				LastUpgradeCheck = 0920;
				ORGANIZATIONNAME = "BRAET Sergio (s)";
				TargetAttributes = {
					0E736BBF20B4559700C9CC2A = {
						CreatedOnToolsVersion = 9.2;
						ProvisioningStyle = Automatic;
					};
					0E736BD320B4559700C9CC2A = {
						CreatedOnToolsVersion = 9.2;
						ProvisioningStyle = Automatic;
						TestTargetID = 0E736BBF20B4559700C9CC2A;
					};
					0E736BDE20B4559700C9CC2A = {
						CreatedOnToolsVersion = 9.2;
						ProvisioningStyle = Automatic;
						TestTargetID = 0E736BBF20B4559700C9CC2A;
					};
				};
			};
			buildConfigurationList = 0E736BBB20B4559700C9CC2A /* Build configuration list for PBXProject "LaFonderie" */;
			compatibilityVersion = "Xcode 8.0";
			developmentRegion = en;
			hasScannedForEncodings = 0;
			knownRegions = (
				en,
				Base,
			);
			mainGroup = 0E736BB720B4559700C9CC2A;
			productRefGroup = 0E736BC120B4559700C9CC2A /* Products */;
			projectDirPath = "";
			projectRoot = "";
			targets = (
				0E736BBF20B4559700C9CC2A /* LaFonderie */,
				0E736BD320B4559700C9CC2A /* LaFonderieTests */,
				0E736BDE20B4559700C9CC2A /* LaFonderieUITests */,
			);
		};
/* End PBXProject section */

/* Begin PBXResourcesBuildPhase section */
		0E736BBE20B4559700C9CC2A /* Resources */ = {
			isa = PBXResourcesBuildPhase;
			buildActionMask = 2147483647;
			files = (
				0E736BCE20B4559700C9CC2A /* LaunchScreen.storyboard in Resources */,
				0E736BF220B4563400C9CC2A /* GoogleService-Info.plist in Resources */,
				0E8660C520B6B99800A053A8 /* CaviarDreams_Bold.ttf in Resources */,
				0E8660C720B6BBED00A053A8 /* KohinoorBangla.ttc in Resources */,
				0E736BCB20B4559700C9CC2A /* Assets.xcassets in Resources */,
				0E736BC920B4559700C9CC2A /* Main.storyboard in Resources */,
			);
			runOnlyForDeploymentPostprocessing = 0;
		};
		0E736BD220B4559700C9CC2A /* Resources */ = {
			isa = PBXResourcesBuildPhase;
			buildActionMask = 2147483647;
			files = (
			);
			runOnlyForDeploymentPostprocessing = 0;
		};
		0E736BDD20B4559700C9CC2A /* Resources */ = {
			isa = PBXResourcesBuildPhase;
			buildActionMask = 2147483647;
			files = (
			);
			runOnlyForDeploymentPostprocessing = 0;
		};
/* End PBXResourcesBuildPhase section */

/* Begin PBXShellScriptBuildPhase section */
		64F62F092B9E869DA31CCC19 /* [CP] Check Pods Manifest.lock */ = {
			isa = PBXShellScriptBuildPhase;
			buildActionMask = 2147483647;
			files = (
			);
			inputPaths = (
				"${PODS_PODFILE_DIR_PATH}/Podfile.lock",
				"${PODS_ROOT}/Manifest.lock",
			);
			name = "[CP] Check Pods Manifest.lock";
			outputPaths = (
				"$(DERIVED_FILE_DIR)/Pods-LaFonderieUITests-checkManifestLockResult.txt",
			);
			runOnlyForDeploymentPostprocessing = 0;
			shellPath = /bin/sh;
			shellScript = "diff \"${PODS_PODFILE_DIR_PATH}/Podfile.lock\" \"${PODS_ROOT}/Manifest.lock\" > /dev/null\nif [ $? != 0 ] ; then\n    # print error to STDERR\n    echo \"error: The sandbox is not in sync with the Podfile.lock. Run 'pod install' or update your CocoaPods installation.\" >&2\n    exit 1\nfi\n# This output is used by Xcode 'outputs' to avoid re-running this script phase.\necho \"SUCCESS\" > \"${SCRIPT_OUTPUT_FILE_0}\"\n";
			showEnvVarsInLog = 0;
		};
		B33B4A55145D2BD6E4DCFD69 /* [CP] Check Pods Manifest.lock */ = {
			isa = PBXShellScriptBuildPhase;
			buildActionMask = 2147483647;
			files = (
			);
			inputPaths = (
				"${PODS_PODFILE_DIR_PATH}/Podfile.lock",
				"${PODS_ROOT}/Manifest.lock",
			);
			name = "[CP] Check Pods Manifest.lock";
			outputPaths = (
				"$(DERIVED_FILE_DIR)/Pods-LaFonderie-checkManifestLockResult.txt",
			);
			runOnlyForDeploymentPostprocessing = 0;
			shellPath = /bin/sh;
			shellScript = "diff \"${PODS_PODFILE_DIR_PATH}/Podfile.lock\" \"${PODS_ROOT}/Manifest.lock\" > /dev/null\nif [ $? != 0 ] ; then\n    # print error to STDERR\n    echo \"error: The sandbox is not in sync with the Podfile.lock. Run 'pod install' or update your CocoaPods installation.\" >&2\n    exit 1\nfi\n# This output is used by Xcode 'outputs' to avoid re-running this script phase.\necho \"SUCCESS\" > \"${SCRIPT_OUTPUT_FILE_0}\"\n";
			showEnvVarsInLog = 0;
		};
		E826EDF7685E59A875567F9E /* [CP] Embed Pods Frameworks */ = {
			isa = PBXShellScriptBuildPhase;
			buildActionMask = 2147483647;
			files = (
			);
			inputPaths = (
				"${SRCROOT}/Pods/Target Support Files/Pods-LaFonderie/Pods-LaFonderie-frameworks.sh",
				"${BUILT_PRODUCTS_DIR}/GTMSessionFetcher/GTMSessionFetcher.framework",
				"${BUILT_PRODUCTS_DIR}/GoogleToolboxForMac/GoogleToolboxForMac.framework",
				"${BUILT_PRODUCTS_DIR}/leveldb-library/leveldb.framework",
				"${BUILT_PRODUCTS_DIR}/nanopb/nanopb.framework",
			);
			name = "[CP] Embed Pods Frameworks";
			outputPaths = (
				"${TARGET_BUILD_DIR}/${FRAMEWORKS_FOLDER_PATH}/GTMSessionFetcher.framework",
				"${TARGET_BUILD_DIR}/${FRAMEWORKS_FOLDER_PATH}/GoogleToolboxForMac.framework",
				"${TARGET_BUILD_DIR}/${FRAMEWORKS_FOLDER_PATH}/leveldb.framework",
				"${TARGET_BUILD_DIR}/${FRAMEWORKS_FOLDER_PATH}/nanopb.framework",
			);
			runOnlyForDeploymentPostprocessing = 0;
			shellPath = /bin/sh;
			shellScript = "\"${SRCROOT}/Pods/Target Support Files/Pods-LaFonderie/Pods-LaFonderie-frameworks.sh\"\n";
			showEnvVarsInLog = 0;
		};
		ECA5ADF4AF2113D771261649 /* [CP] Check Pods Manifest.lock */ = {
			isa = PBXShellScriptBuildPhase;
			buildActionMask = 2147483647;
			files = (
			);
			inputPaths = (
				"${PODS_PODFILE_DIR_PATH}/Podfile.lock",
				"${PODS_ROOT}/Manifest.lock",
			);
			name = "[CP] Check Pods Manifest.lock";
			outputPaths = (
				"$(DERIVED_FILE_DIR)/Pods-LaFonderieTests-checkManifestLockResult.txt",
			);
			runOnlyForDeploymentPostprocessing = 0;
			shellPath = /bin/sh;
			shellScript = "diff \"${PODS_PODFILE_DIR_PATH}/Podfile.lock\" \"${PODS_ROOT}/Manifest.lock\" > /dev/null\nif [ $? != 0 ] ; then\n    # print error to STDERR\n    echo \"error: The sandbox is not in sync with the Podfile.lock. Run 'pod install' or update your CocoaPods installation.\" >&2\n    exit 1\nfi\n# This output is used by Xcode 'outputs' to avoid re-running this script phase.\necho \"SUCCESS\" > \"${SCRIPT_OUTPUT_FILE_0}\"\n";
			showEnvVarsInLog = 0;
		};
/* End PBXShellScriptBuildPhase section */

/* Begin PBXSourcesBuildPhase section */
		0E736BBC20B4559700C9CC2A /* Sources */ = {
			isa = PBXSourcesBuildPhase;
			buildActionMask = 2147483647;
			files = (
				0E493A9920BBEB020095F33C /* MetaalViewController.swift in Sources */,
				0EDDCAB820B593C300E3860E /* UIView+Stellar.swift in Sources */,
				0E7EF05F20B84D34009D5689 /* VoedingViewController.swift in Sources */,
				0EDDCABB20B593C300E3860E /* Vectorial.swift in Sources */,
				0EDDCA3A20B56CC000E3860E /* animations.swift in Sources */,
				0EDDCAAC20B593C300E3860E /* DynamicItemBasic.swift in Sources */,
				0EDDCA9E20B593C300E3860E /* AnimationSequence.swift in Sources */,
				0E7EF05520B81258009D5689 /* MainViewController.swift in Sources */,
				0EDDCAA920B593C300E3860E /* DriveAnimateBehaviors.swift in Sources */,
				0E8660C220B6AFFE00A053A8 /* MachinesViewController.swift in Sources */,
				0E7EF05D20B833A1009D5689 /* TextielViewController.swift in Sources */,
				0EDDCAAA20B593C300E3860E /* DynamicItem+Behavior.swift in Sources */,
				0EDDCAB520B593C300E3860E /* TimingType.swift in Sources */,
				0EDDCAA420B593C300E3860E /* BasicConfigurable.swift in Sources */,
				0EDDCAB420B593C300E3860E /* TimingSolvable.swift in Sources */,
				0EDDCAA520B593C300E3860E /* CALayer+AnimateBehavior.swift in Sources */,
				0EDDCAA320B593C300E3860E /* BasicChainable.swift in Sources */,
				0E736BC620B4559700C9CC2A /* ViewController.swift in Sources */,
				0EDDCAB920B593C300E3860E /* UnitBezier.swift in Sources */,
				0EDDCAA120B593C300E3860E /* AnimatorCoordinator.swift in Sources */,
				0EDDCAA820B593C300E3860E /* Chainable.swift in Sources */,
				0EDDCAA020B593C300E3860E /* AnimationType.swift in Sources */,
				0EDDCAB220B593C300E3860E /* StepControllable.swift in Sources */,
				0E998DB320BECB5E006AD86E /* PopUpViewController.swift in Sources */,
				0EDDCAB120B593C300E3860E /* SnapConfigurable.swift in Sources */,
				0EDDCA9D20B593C300E3860E /* AnimationContext.swift in Sources */,
				0EDDCAB020B593C300E3860E /* Physical.swift in Sources */,
				0EDDCAA720B593C300E3860E /* CALayer+Stellar.swift in Sources */,
				0EDDCA9F20B593C300E3860E /* AnimationStep.swift in Sources */,
				0EDDCAB620B593C300E3860E /* UIDynamicBehavior+Commit.swift in Sources */,
				0EDDCAA620B593C300E3860E /* CALayer+DriveAnimationBehaviors.swift in Sources */,
				0EDDCAB320B593C300E3860E /* TimingFunction.swift in Sources */,
				0EDDCABA20B593C300E3860E /* Value+Physical.swift in Sources */,
				0E8660C020B69F7900A053A8 /* XMCircleGestureRecognizer.swift in Sources */,
				0E736BC420B4559700C9CC2A /* AppDelegate.swift in Sources */,
				0EDDCAAE20B593C300E3860E /* GravityConfigurable.swift in Sources */,
				0E493A9B20BC22A80095F33C /* MachinesTableViewController.swift in Sources */,
				0EDDCAAD20B593C300E3860E /* DynamicItemGravity.swift in Sources */,
				0E6F6FE920BED41100E4228A /* InstructieViewController.swift in Sources */,
				0EDDCAB720B593C300E3860E /* UIView+AnimateBehavior.swift in Sources */,
				0EDDCAAF20B593C300E3860E /* Interpolatable.swift in Sources */,
				0EDDCAAB20B593C300E3860E /* DynamicItem.swift in Sources */,
				0E8660C920B6F3F600A053A8 /* detailMachineViewController.swift in Sources */,
				0EDDCAA220B593C300E3860E /* AttachmentConfigurable.swift in Sources */,
			);
			runOnlyForDeploymentPostprocessing = 0;
		};
		0E736BD020B4559700C9CC2A /* Sources */ = {
			isa = PBXSourcesBuildPhase;
			buildActionMask = 2147483647;
			files = (
				0E736BD920B4559700C9CC2A /* LaFonderieTests.swift in Sources */,
			);
			runOnlyForDeploymentPostprocessing = 0;
		};
		0E736BDB20B4559700C9CC2A /* Sources */ = {
			isa = PBXSourcesBuildPhase;
			buildActionMask = 2147483647;
			files = (
				0E736BE420B4559700C9CC2A /* LaFonderieUITests.swift in Sources */,
			);
			runOnlyForDeploymentPostprocessing = 0;
		};
/* End PBXSourcesBuildPhase section */

/* Begin PBXTargetDependency section */
		0E736BD620B4559700C9CC2A /* PBXTargetDependency */ = {
			isa = PBXTargetDependency;
			target = 0E736BBF20B4559700C9CC2A /* LaFonderie */;
			targetProxy = 0E736BD520B4559700C9CC2A /* PBXContainerItemProxy */;
		};
		0E736BE120B4559700C9CC2A /* PBXTargetDependency */ = {
			isa = PBXTargetDependency;
			target = 0E736BBF20B4559700C9CC2A /* LaFonderie */;
			targetProxy = 0E736BE020B4559700C9CC2A /* PBXContainerItemProxy */;
		};
/* End PBXTargetDependency section */

/* Begin PBXVariantGroup section */
		0E736BC720B4559700C9CC2A /* Main.storyboard */ = {
			isa = PBXVariantGroup;
			children = (
				0E736BC820B4559700C9CC2A /* Base */,
			);
			name = Main.storyboard;
			sourceTree = "<group>";
		};
		0E736BCC20B4559700C9CC2A /* LaunchScreen.storyboard */ = {
			isa = PBXVariantGroup;
			children = (
				0E736BCD20B4559700C9CC2A /* Base */,
			);
			name = LaunchScreen.storyboard;
			sourceTree = "<group>";
		};
/* End PBXVariantGroup section */

/* Begin XCBuildConfiguration section */
		0E736BE620B4559700C9CC2A /* Debug */ = {
			isa = XCBuildConfiguration;
			buildSettings = {
				ALWAYS_SEARCH_USER_PATHS = NO;
				CLANG_ANALYZER_NONNULL = YES;
				CLANG_ANALYZER_NUMBER_OBJECT_CONVERSION = YES_AGGRESSIVE;
				CLANG_CXX_LANGUAGE_STANDARD = "gnu++14";
				CLANG_CXX_LIBRARY = "libc++";
				CLANG_ENABLE_MODULES = YES;
				CLANG_ENABLE_OBJC_ARC = YES;
				CLANG_WARN_BLOCK_CAPTURE_AUTORELEASING = YES;
				CLANG_WARN_BOOL_CONVERSION = YES;
				CLANG_WARN_COMMA = YES;
				CLANG_WARN_CONSTANT_CONVERSION = YES;
				CLANG_WARN_DIRECT_OBJC_ISA_USAGE = YES_ERROR;
				CLANG_WARN_DOCUMENTATION_COMMENTS = YES;
				CLANG_WARN_EMPTY_BODY = YES;
				CLANG_WARN_ENUM_CONVERSION = YES;
				CLANG_WARN_INFINITE_RECURSION = YES;
				CLANG_WARN_INT_CONVERSION = YES;
				CLANG_WARN_NON_LITERAL_NULL_CONVERSION = YES;
				CLANG_WARN_OBJC_LITERAL_CONVERSION = YES;
				CLANG_WARN_OBJC_ROOT_CLASS = YES_ERROR;
				CLANG_WARN_RANGE_LOOP_ANALYSIS = YES;
				CLANG_WARN_STRICT_PROTOTYPES = YES;
				CLANG_WARN_SUSPICIOUS_MOVE = YES;
				CLANG_WARN_UNGUARDED_AVAILABILITY = YES_AGGRESSIVE;
				CLANG_WARN_UNREACHABLE_CODE = YES;
				CLANG_WARN__DUPLICATE_METHOD_MATCH = YES;
				CODE_SIGN_IDENTITY = "iPhone Developer";
				COPY_PHASE_STRIP = NO;
				DEBUG_INFORMATION_FORMAT = dwarf;
				ENABLE_STRICT_OBJC_MSGSEND = YES;
				ENABLE_TESTABILITY = YES;
				GCC_C_LANGUAGE_STANDARD = gnu11;
				GCC_DYNAMIC_NO_PIC = NO;
				GCC_NO_COMMON_BLOCKS = YES;
				GCC_OPTIMIZATION_LEVEL = 0;
				GCC_PREPROCESSOR_DEFINITIONS = (
					"DEBUG=1",
					"$(inherited)",
				);
				GCC_WARN_64_TO_32_BIT_CONVERSION = YES;
				GCC_WARN_ABOUT_RETURN_TYPE = YES_ERROR;
				GCC_WARN_UNDECLARED_SELECTOR = YES;
				GCC_WARN_UNINITIALIZED_AUTOS = YES_AGGRESSIVE;
				GCC_WARN_UNUSED_FUNCTION = YES;
				GCC_WARN_UNUSED_VARIABLE = YES;
				IPHONEOS_DEPLOYMENT_TARGET = 11.2;
				MTL_ENABLE_DEBUG_INFO = YES;
				ONLY_ACTIVE_ARCH = YES;
				SDKROOT = iphoneos;
				SWIFT_ACTIVE_COMPILATION_CONDITIONS = DEBUG;
				SWIFT_OPTIMIZATION_LEVEL = "-Onone";
			};
			name = Debug;
		};
		0E736BE720B4559700C9CC2A /* Release */ = {
			isa = XCBuildConfiguration;
			buildSettings = {
				ALWAYS_SEARCH_USER_PATHS = NO;
				CLANG_ANALYZER_NONNULL = YES;
				CLANG_ANALYZER_NUMBER_OBJECT_CONVERSION = YES_AGGRESSIVE;
				CLANG_CXX_LANGUAGE_STANDARD = "gnu++14";
				CLANG_CXX_LIBRARY = "libc++";
				CLANG_ENABLE_MODULES = YES;
				CLANG_ENABLE_OBJC_ARC = YES;
				CLANG_WARN_BLOCK_CAPTURE_AUTORELEASING = YES;
				CLANG_WARN_BOOL_CONVERSION = YES;
				CLANG_WARN_COMMA = YES;
				CLANG_WARN_CONSTANT_CONVERSION = YES;
				CLANG_WARN_DIRECT_OBJC_ISA_USAGE = YES_ERROR;
				CLANG_WARN_DOCUMENTATION_COMMENTS = YES;
				CLANG_WARN_EMPTY_BODY = YES;
				CLANG_WARN_ENUM_CONVERSION = YES;
				CLANG_WARN_INFINITE_RECURSION = YES;
				CLANG_WARN_INT_CONVERSION = YES;
				CLANG_WARN_NON_LITERAL_NULL_CONVERSION = YES;
				CLANG_WARN_OBJC_LITERAL_CONVERSION = YES;
				CLANG_WARN_OBJC_ROOT_CLASS = YES_ERROR;
				CLANG_WARN_RANGE_LOOP_ANALYSIS = YES;
				CLANG_WARN_STRICT_PROTOTYPES = YES;
				CLANG_WARN_SUSPICIOUS_MOVE = YES;
				CLANG_WARN_UNGUARDED_AVAILABILITY = YES_AGGRESSIVE;
				CLANG_WARN_UNREACHABLE_CODE = YES;
				CLANG_WARN__DUPLICATE_METHOD_MATCH = YES;
				CODE_SIGN_IDENTITY = "iPhone Developer";
				COPY_PHASE_STRIP = NO;
				DEBUG_INFORMATION_FORMAT = "dwarf-with-dsym";
				ENABLE_NS_ASSERTIONS = NO;
				ENABLE_STRICT_OBJC_MSGSEND = YES;
				GCC_C_LANGUAGE_STANDARD = gnu11;
				GCC_NO_COMMON_BLOCKS = YES;
				GCC_WARN_64_TO_32_BIT_CONVERSION = YES;
				GCC_WARN_ABOUT_RETURN_TYPE = YES_ERROR;
				GCC_WARN_UNDECLARED_SELECTOR = YES;
				GCC_WARN_UNINITIALIZED_AUTOS = YES_AGGRESSIVE;
				GCC_WARN_UNUSED_FUNCTION = YES;
				GCC_WARN_UNUSED_VARIABLE = YES;
				IPHONEOS_DEPLOYMENT_TARGET = 11.2;
				MTL_ENABLE_DEBUG_INFO = NO;
				SDKROOT = iphoneos;
				SWIFT_OPTIMIZATION_LEVEL = "-Owholemodule";
				VALIDATE_PRODUCT = YES;
			};
			name = Release;
		};
		0E736BE920B4559700C9CC2A /* Debug */ = {
			isa = XCBuildConfiguration;
			baseConfigurationReference = 98EEEA711D1B98F875A7BE79 /* Pods-LaFonderie.debug.xcconfig */;
			buildSettings = {
				ASSETCATALOG_COMPILER_APPICON_NAME = AppIcon;
				CODE_SIGN_STYLE = Automatic;
				INFOPLIST_FILE = LaFonderie/Info.plist;
				LD_RUNPATH_SEARCH_PATHS = "$(inherited) @executable_path/Frameworks";
				PRODUCT_BUNDLE_IDENTIFIER = ehb.LaFonderie;
				PRODUCT_NAME = "$(TARGET_NAME)";
				SWIFT_VERSION = 4.0;
				TARGETED_DEVICE_FAMILY = "1,2";
			};
			name = Debug;
		};
		0E736BEA20B4559700C9CC2A /* Release */ = {
			isa = XCBuildConfiguration;
			baseConfigurationReference = 9C2718EAF169947ACA15097C /* Pods-LaFonderie.release.xcconfig */;
			buildSettings = {
				ASSETCATALOG_COMPILER_APPICON_NAME = AppIcon;
				CODE_SIGN_STYLE = Automatic;
				INFOPLIST_FILE = LaFonderie/Info.plist;
				LD_RUNPATH_SEARCH_PATHS = "$(inherited) @executable_path/Frameworks";
				PRODUCT_BUNDLE_IDENTIFIER = ehb.LaFonderie;
				PRODUCT_NAME = "$(TARGET_NAME)";
				SWIFT_VERSION = 4.0;
				TARGETED_DEVICE_FAMILY = "1,2";
			};
			name = Release;
		};
		0E736BEC20B4559700C9CC2A /* Debug */ = {
			isa = XCBuildConfiguration;
			baseConfigurationReference = 6FA847B105401C2BD6915439 /* Pods-LaFonderieTests.debug.xcconfig */;
			buildSettings = {
				ALWAYS_EMBED_SWIFT_STANDARD_LIBRARIES = YES;
				BUNDLE_LOADER = "$(TEST_HOST)";
				CODE_SIGN_STYLE = Automatic;
				INFOPLIST_FILE = LaFonderieTests/Info.plist;
				LD_RUNPATH_SEARCH_PATHS = "$(inherited) @executable_path/Frameworks @loader_path/Frameworks";
				PRODUCT_BUNDLE_IDENTIFIER = ehb.LaFonderieTests;
				PRODUCT_NAME = "$(TARGET_NAME)";
				SWIFT_VERSION = 4.0;
				TARGETED_DEVICE_FAMILY = "1,2";
				TEST_HOST = "$(BUILT_PRODUCTS_DIR)/LaFonderie.app/LaFonderie";
			};
			name = Debug;
		};
		0E736BED20B4559700C9CC2A /* Release */ = {
			isa = XCBuildConfiguration;
			baseConfigurationReference = 35B0A1C4989F3956662B8D12 /* Pods-LaFonderieTests.release.xcconfig */;
			buildSettings = {
				ALWAYS_EMBED_SWIFT_STANDARD_LIBRARIES = YES;
				BUNDLE_LOADER = "$(TEST_HOST)";
				CODE_SIGN_STYLE = Automatic;
				INFOPLIST_FILE = LaFonderieTests/Info.plist;
				LD_RUNPATH_SEARCH_PATHS = "$(inherited) @executable_path/Frameworks @loader_path/Frameworks";
				PRODUCT_BUNDLE_IDENTIFIER = ehb.LaFonderieTests;
				PRODUCT_NAME = "$(TARGET_NAME)";
				SWIFT_VERSION = 4.0;
				TARGETED_DEVICE_FAMILY = "1,2";
				TEST_HOST = "$(BUILT_PRODUCTS_DIR)/LaFonderie.app/LaFonderie";
			};
			name = Release;
		};
		0E736BEF20B4559700C9CC2A /* Debug */ = {
			isa = XCBuildConfiguration;
			baseConfigurationReference = 78CAD1724793AC6A94A3703B /* Pods-LaFonderieUITests.debug.xcconfig */;
			buildSettings = {
				ALWAYS_EMBED_SWIFT_STANDARD_LIBRARIES = YES;
				CODE_SIGN_STYLE = Automatic;
				INFOPLIST_FILE = LaFonderieUITests/Info.plist;
				LD_RUNPATH_SEARCH_PATHS = "$(inherited) @executable_path/Frameworks @loader_path/Frameworks";
				PRODUCT_BUNDLE_IDENTIFIER = ehb.LaFonderieUITests;
				PRODUCT_NAME = "$(TARGET_NAME)";
				SWIFT_VERSION = 4.0;
				TARGETED_DEVICE_FAMILY = "1,2";
				TEST_TARGET_NAME = LaFonderie;
			};
			name = Debug;
		};
		0E736BF020B4559700C9CC2A /* Release */ = {
			isa = XCBuildConfiguration;
			baseConfigurationReference = BDAC7BE770D1D38C28E48C8F /* Pods-LaFonderieUITests.release.xcconfig */;
			buildSettings = {
				ALWAYS_EMBED_SWIFT_STANDARD_LIBRARIES = YES;
				CODE_SIGN_STYLE = Automatic;
				INFOPLIST_FILE = LaFonderieUITests/Info.plist;
				LD_RUNPATH_SEARCH_PATHS = "$(inherited) @executable_path/Frameworks @loader_path/Frameworks";
				PRODUCT_BUNDLE_IDENTIFIER = ehb.LaFonderieUITests;
				PRODUCT_NAME = "$(TARGET_NAME)";
				SWIFT_VERSION = 4.0;
				TARGETED_DEVICE_FAMILY = "1,2";
				TEST_TARGET_NAME = LaFonderie;
			};
			name = Release;
		};
/* End XCBuildConfiguration section */

/* Begin XCConfigurationList section */
		0E736BBB20B4559700C9CC2A /* Build configuration list for PBXProject "LaFonderie" */ = {
			isa = XCConfigurationList;
			buildConfigurations = (
				0E736BE620B4559700C9CC2A /* Debug */,
				0E736BE720B4559700C9CC2A /* Release */,
			);
			defaultConfigurationIsVisible = 0;
			defaultConfigurationName = Release;
		};
		0E736BE820B4559700C9CC2A /* Build configuration list for PBXNativeTarget "LaFonderie" */ = {
			isa = XCConfigurationList;
			buildConfigurations = (
				0E736BE920B4559700C9CC2A /* Debug */,
				0E736BEA20B4559700C9CC2A /* Release */,
			);
			defaultConfigurationIsVisible = 0;
			defaultConfigurationName = Release;
		};
		0E736BEB20B4559700C9CC2A /* Build configuration list for PBXNativeTarget "LaFonderieTests" */ = {
			isa = XCConfigurationList;
			buildConfigurations = (
				0E736BEC20B4559700C9CC2A /* Debug */,
				0E736BED20B4559700C9CC2A /* Release */,
			);
			defaultConfigurationIsVisible = 0;
			defaultConfigurationName = Release;
		};
		0E736BEE20B4559700C9CC2A /* Build configuration list for PBXNativeTarget "LaFonderieUITests" */ = {
			isa = XCConfigurationList;
			buildConfigurations = (
				0E736BEF20B4559700C9CC2A /* Debug */,
				0E736BF020B4559700C9CC2A /* Release */,
			);
			defaultConfigurationIsVisible = 0;
			defaultConfigurationName = Release;
		};
/* End XCConfigurationList section */
	};
	rootObject = 0E736BB820B4559700C9CC2A /* Project object */;
}
